<?xml version="1.0" encoding="utf-8"?>
<Project ToolsVersion="4.0" xmlns="http://schemas.microsoft.com/developer/msbuild/2003">
  <ItemGroup>
    <Filter Include="Main">
      <UniqueIdentifier>{77767e26-9a99-4501-8cb0-d7f2d3f89d99}</UniqueIdentifier>
    </Filter>
    <Filter Include="Utils">
      <UniqueIdentifier>{44cec938-a7d0-47af-8fd1-66a7bda12814}</UniqueIdentifier>
    </Filter>
    <Filter Include="Session">
      <UniqueIdentifier>{53ecbbd6-a09e-4886-809d-43d95b12319e}</UniqueIdentifier>
    </Filter>
    <Filter Include="Packet">
      <UniqueIdentifier>{0763e572-65db-4e55-9695-20b56cec8b51}</UniqueIdentifier>
    </Filter>
  </ItemGroup>
  <ItemGroup>
    <ClCompile Include="main.cpp">
      <Filter>Main</Filter>
    </ClCompile>
    <ClCompile Include="pch.cpp">
      <Filter>Utils</Filter>
    </ClCompile>
    <ClCompile Include="ClientPacketHandler.cpp">
      <Filter>Packet</Filter>
    </ClCompile>
    <ClCompile Include="ServerSession.cpp">
      <Filter>Session</Filter>
    </ClCompile>
    <ClCompile Include="PacketQueue.cpp">
      <Filter>Packet</Filter>
    </ClCompile>
  </ItemGroup>
  <ItemGroup>
    <ClInclude Include="pch.h">
      <Filter>Utils</Filter>
    </ClInclude>
    <ClInclude Include="ClientPacketHandler.h">
      <Filter>Packet</Filter>
    </ClInclude>
    <ClInclude Include="ServerSession.h">
      <Filter>Session</Filter>
    </ClInclude>
    <ClInclude Include="PacketQueue.h">
      <Filter>Packet</Filter>
    </ClInclude>
  </ItemGroup>
</Project>