
Microsoft Visual Studio Solution File, Format Version 12.00
# Visual Studio Version 17
VisualStudioVersion = 17.9.34728.123
MinimumVisualStudioVersion = 10.0.40219.1
Project("{2150E333-8FDC-42A3-9474-1A3956D46DE8}") = "Server", "Server", "{21766AEE-E40B-4D73-99DB-1855D42D4828}"
EndProject
Project("{2150E333-8FDC-42A3-9474-1A3956D46DE8}") = "Client", "Client", "{1E4315BA-DD06-4D6E-BC08-A43F51E47D09}"
EndProject
Project("{8BC9CEB8-8B4A-11D0-8D11-00A0C91BC942}") = "DummyClient", "DummyClient\DummyClient.vcxproj", "{575B5E65-48B9-4EE8-9A61-6BC5FC407F3B}"
EndProject
Project("{8BC9CEB8-8B4A-11D0-8D11-00A0C91BC942}") = "MatchServer", "MatchServer\MatchServer.vcxproj", "{4CCDDEEF-CC80-4606-B2BD-8418348A5179}"
EndProject
Project("{8BC9CEB8-8B4A-11D0-8D11-00A0C91BC942}") = "RelayServer", "RelayServer\RelayServer.vcxproj", "{D6D8A376-AE46-4EA3-B6F7-75C94B3A128E}"
EndProject
Project("{2150E333-8FDC-42A3-9474-1A3956D46DE8}") = "Libraries", "Libraries", "{88FAA355-7A44-4059-9243-F627327AFBAB}"
EndProject
Project("{8BC9CEB8-8B4A-11D0-8D11-00A0C91BC942}") = "ServerCore", "ServerCore\ServerCore.vcxproj", "{45252FC9-A391-4BA3-8AEC-20C57CF655DC}"
EndProject
Global
	GlobalSection(SolutionConfigurationPlatforms) = preSolution
		Debug|x64 = Debug|x64
		Debug|x86 = Debug|x86
		Release|x64 = Release|x64
		Release|x86 = Release|x86
	EndGlobalSection
	GlobalSection(ProjectConfigurationPlatforms) = postSolution
		{575B5E65-48B9-4EE8-9A61-6BC5FC407F3B}.Debug|x64.ActiveCfg = Debug|x64
		{575B5E65-48B9-4EE8-9A61-6BC5FC407F3B}.Debug|x64.Build.0 = Debug|x64
		{575B5E65-48B9-4EE8-9A61-6BC5FC407F3B}.Debug|x86.ActiveCfg = Debug|Win32
		{575B5E65-48B9-4EE8-9A61-6BC5FC407F3B}.Debug|x86.Build.0 = Debug|Win32
		{575B5E65-48B9-4EE8-9A61-6BC5FC407F3B}.Release|x64.ActiveCfg = Release|x64
		{575B5E65-48B9-4EE8-9A61-6BC5FC407F3B}.Release|x64.Build.0 = Release|x64
		{575B5E65-48B9-4EE8-9A61-6BC5FC407F3B}.Release|x86.ActiveCfg = Release|Win32
		{575B5E65-48B9-4EE8-9A61-6BC5FC407F3B}.Release|x86.Build.0 = Release|Win32
		{4CCDDEEF-CC80-4606-B2BD-8418348A5179}.Debug|x64.ActiveCfg = Debug|x64
		{4CCDDEEF-CC80-4606-B2BD-8418348A5179}.Debug|x64.Build.0 = Debug|x64
		{4CCDDEEF-CC80-4606-B2BD-8418348A5179}.Debug|x86.ActiveCfg = Debug|Win32
		{4CCDDEEF-CC80-4606-B2BD-8418348A5179}.Debug|x86.Build.0 = Debug|Win32
		{4CCDDEEF-CC80-4606-B2BD-8418348A5179}.Release|x64.ActiveCfg = Release|x64
		{4CCDDEEF-CC80-4606-B2BD-8418348A5179}.Release|x64.Build.0 = Release|x64
		{4CCDDEEF-CC80-4606-B2BD-8418348A5179}.Release|x86.ActiveCfg = Release|Win32
		{4CCDDEEF-CC80-4606-B2BD-8418348A5179}.Release|x86.Build.0 = Release|Win32
		{D6D8A376-AE46-4EA3-B6F7-75C94B3A128E}.Debug|x64.ActiveCfg = Debug|x64
		{D6D8A376-AE46-4EA3-B6F7-75C94B3A128E}.Debug|x64.Build.0 = Debug|x64
		{D6D8A376-AE46-4EA3-B6F7-75C94B3A128E}.Debug|x86.ActiveCfg = Debug|Win32
		{D6D8A376-AE46-4EA3-B6F7-75C94B3A128E}.Debug|x86.Build.0 = Debug|Win32
		{D6D8A376-AE46-4EA3-B6F7-75C94B3A128E}.Release|x64.ActiveCfg = Release|x64
		{D6D8A376-AE46-4EA3-B6F7-75C94B3A128E}.Release|x64.Build.0 = Release|x64
		{D6D8A376-AE46-4EA3-B6F7-75C94B3A128E}.Release|x86.ActiveCfg = Release|Win32
		{D6D8A376-AE46-4EA3-B6F7-75C94B3A128E}.Release|x86.Build.0 = Release|Win32
		{45252FC9-A391-4BA3-8AEC-20C57CF655DC}.Debug|x64.ActiveCfg = Debug|x64
		{45252FC9-A391-4BA3-8AEC-20C57CF655DC}.Debug|x64.Build.0 = Debug|x64
		{45252FC9-A391-4BA3-8AEC-20C57CF655DC}.Debug|x86.ActiveCfg = Debug|Win32
		{45252FC9-A391-4BA3-8AEC-20C57CF655DC}.Debug|x86.Build.0 = Debug|Win32
		{45252FC9-A391-4BA3-8AEC-20C57CF655DC}.Release|x64.ActiveCfg = Release|x64
		{45252FC9-A391-4BA3-8AEC-20C57CF655DC}.Release|x64.Build.0 = Release|x64
		{45252FC9-A391-4BA3-8AEC-20C57CF655DC}.Release|x86.ActiveCfg = Release|Win32
		{45252FC9-A391-4BA3-8AEC-20C57CF655DC}.Release|x86.Build.0 = Release|Win32
	EndGlobalSection
	GlobalSection(SolutionProperties) = preSolution
		HideSolutionNode = FALSE
	EndGlobalSection
	GlobalSection(NestedProjects) = preSolution
		{575B5E65-48B9-4EE8-9A61-6BC5FC407F3B} = {1E4315BA-DD06-4D6E-BC08-A43F51E47D09}
		{4CCDDEEF-CC80-4606-B2BD-8418348A5179} = {21766AEE-E40B-4D73-99DB-1855D42D4828}
		{D6D8A376-AE46-4EA3-B6F7-75C94B3A128E} = {21766AEE-E40B-4D73-99DB-1855D42D4828}
		{45252FC9-A391-4BA3-8AEC-20C57CF655DC} = {88FAA355-7A44-4059-9243-F627327AFBAB}
	EndGlobalSection
	GlobalSection(ExtensibilityGlobals) = postSolution
		SolutionGuid = {07FFD2D9-7972-4395-932A-E41022AC9A2F}
	EndGlobalSection
EndGlobal
