<?xml version="1.0" encoding="utf-8"?>
<Project ToolsVersion="4.0" xmlns="http://schemas.microsoft.com/developer/msbuild/2003">
  <ItemGroup>
    <Filter Include="Main">
      <UniqueIdentifier>{b8489751-4f38-4515-9ff4-b9f4dc2f22eb}</UniqueIdentifier>
    </Filter>
    <Filter Include="Session">
      <UniqueIdentifier>{98132227-bd86-490b-ba45-bf487e66359a}</UniqueIdentifier>
    </Filter>
    <Filter Include="Packet">
      <UniqueIdentifier>{e07128ff-3c25-4267-b5a2-cf27d8d9b51a}</UniqueIdentifier>
    </Filter>
  </ItemGroup>
  <ItemGroup>
    <ClCompile Include="main.cpp">
      <Filter>Main</Filter>
    </ClCompile>
    <ClCompile Include="ClientPacketHandler.cpp">
      <Filter>Packet</Filter>
    </ClCompile>
    <ClCompile Include="PacketQueue.cpp" />
    <ClCompile Include="ServerSession.cpp" />
  </ItemGroup>
  <ItemGroup>
    <ClInclude Include="ClientPacketHandler.h">
      <Filter>Packet</Filter>
    </ClInclude>
    <ClInclude Include="PacketQueue.h" />
    <ClInclude Include="ServerSession.h" />
  </ItemGroup>
</Project>