<?xml version="1.0" encoding="utf-8"?>
<Project ToolsVersion="4.0" xmlns="http://schemas.microsoft.com/developer/msbuild/2003">
  <ItemGroup>
    <Filter Include="Utils">
      <UniqueIdentifier>{89e6342b-4dee-4b3c-a2ae-81cf5b260d53}</UniqueIdentifier>
    </Filter>
    <Filter Include="Network">
      <UniqueIdentifier>{5a9c68ee-647f-4aa2-8919-b780db0aabba}</UniqueIdentifier>
    </Filter>
    <Filter Include="Network\10. Session">
      <UniqueIdentifier>{8d7199f4-558a-428c-907c-6455f7df1f16}</UniqueIdentifier>
    </Filter>
    <Filter Include="Network\00. select">
      <UniqueIdentifier>{f94d1ef7-a752-4ddf-8ba7-ae5c06d13000}</UniqueIdentifier>
    </Filter>
    <Filter Include="Network\01. EventSelect">
      <UniqueIdentifier>{8682b423-4a6a-48ac-8a1b-0496087fed5b}</UniqueIdentifier>
    </Filter>
    <Filter Include="Network\02. OverlappedIO">
      <UniqueIdentifier>{967ba70c-7705-4ca6-8be0-558409f0bf1f}</UniqueIdentifier>
    </Filter>
    <Filter Include="Network\03. IOCP">
      <UniqueIdentifier>{9fb46827-4b76-400c-b5e6-89a06b9be751}</UniqueIdentifier>
    </Filter>
    <Filter Include="Packet">
      <UniqueIdentifier>{4dcbfcca-cfd8-4cd7-bb3e-f1282e3b3128}</UniqueIdentifier>
    </Filter>
  </ItemGroup>
  <ItemGroup>
    <ClCompile Include="pch.cpp">
      <Filter>Utils</Filter>
    </ClCompile>
    <ClCompile Include="CorePch.cpp">
      <Filter>Utils</Filter>
    </ClCompile>
    <ClCompile Include="Network.cpp">
      <Filter>Network</Filter>
    </ClCompile>
    <ClCompile Include="Session.cpp">
      <Filter>Network\10. Session</Filter>
    </ClCompile>
    <ClCompile Include="ClientSession.cpp">
      <Filter>Network\10. Session</Filter>
    </ClCompile>
    <ClCompile Include="ServerSession.cpp">
      <Filter>Network\10. Session</Filter>
    </ClCompile>
    <ClCompile Include="TestPacket.cpp">
      <Filter>Packet</Filter>
    </ClCompile>
    <ClCompile Include="CommModel.cpp" />
    <ClCompile Include="MySelect.cpp">
      <Filter>Network\00. select</Filter>
    </ClCompile>
  </ItemGroup>
  <ItemGroup>
    <ClInclude Include="pch.h">
      <Filter>Utils</Filter>
    </ClInclude>
    <ClInclude Include="CorePch.h">
      <Filter>Utils</Filter>
    </ClInclude>
    <ClInclude Include="Types.h">
      <Filter>Utils</Filter>
    </ClInclude>
    <ClInclude Include="Defines.h">
      <Filter>Utils</Filter>
    </ClInclude>
    <ClInclude Include="Network.h">
      <Filter>Network</Filter>
    </ClInclude>
    <ClInclude Include="Session.h">
      <Filter>Network\10. Session</Filter>
    </ClInclude>
    <ClInclude Include="ClientSession.h">
      <Filter>Network\10. Session</Filter>
    </ClInclude>
    <ClInclude Include="ServerSession.h">
      <Filter>Network\10. Session</Filter>
    </ClInclude>
    <ClInclude Include="Packet.h">
      <Filter>Packet</Filter>
    </ClInclude>
    <ClInclude Include="TestPacket.h">
      <Filter>Packet</Filter>
    </ClInclude>
    <ClInclude Include="CommModel.h" />
    <ClInclude Include="MySelect.h">
      <Filter>Network\00. select</Filter>
    </ClInclude>
  </ItemGroup>
</Project>